
Microsoft Visual Studio Solution File, Format Version 12.00
# Visual Studio 15
VisualStudioVersion = 15.0.28307.852
MinimumVisualStudioVersion = 10.0.40219.1
Project("{FAE04EC0-301F-11D3-BF4B-00C04F79EFBC}") = "pcuDE", "pcuDE\pcuDE.csproj", "{10061A2F-685D-4B1D-AE9E-4C8A21C0EEC7}"
EndProject
Global
	GlobalSection(SolutionConfigurationPlatforms) = preSolution
		Debug|Any CPU = Debug|Any CPU
		Release|Any CPU = Release|Any CPU
	EndGlobalSection
	GlobalSection(ProjectConfigurationPlatforms) = postSolution
		{10061A2F-685D-4B1D-AE9E-4C8A21C0EEC7}.Debug|Any CPU.ActiveCfg = Debug|Any CPU
		{10061A2F-685D-4B1D-AE9E-4C8A21C0EEC7}.Debug|Any CPU.Build.0 = Debug|Any CPU
		{10061A2F-685D-4B1D-AE9E-4C8A21C0EEC7}.Release|Any CPU.ActiveCfg = Release|Any CPU
		{10061A2F-685D-4B1D-AE9E-4C8A21C0EEC7}.Release|Any CPU.Build.0 = Release|Any CPU
	EndGlobalSection
	GlobalSection(SolutionProperties) = preSolution
		HideSolutionNode = FALSE
	EndGlobalSection
	GlobalSection(ExtensibilityGlobals) = postSolution
		SolutionGuid = {B5001293-5984-4473-80D1-514D047CAC7F}
	EndGlobalSection
EndGlobal
